
Microsoft Visual Studio Solution File, Format Version 12.00
# Visual Studio Version 17
VisualStudioVersion = 17.8.34330.188
MinimumVisualStudioVersion = 10.0.40219.1
Project("{FAE04EC0-301F-11D3-BF4B-00C04F79EFBC}") = "newsVideoGenerator", "newsVideoGenerator.csproj", "{2BFEACBF-B3D1-4CAB-AA96-DC34593F5EBE}"
EndProject
Global
	GlobalSection(SolutionConfigurationPlatforms) = preSolution
		Debug|Any CPU = Debug|Any CPU
		Release|Any CPU = Release|Any CPU
	EndGlobalSection
	GlobalSection(ProjectConfigurationPlatforms) = postSolution
		{2BFEACBF-B3D1-4CAB-AA96-DC34593F5EBE}.Debug|Any CPU.ActiveCfg = Debug|Any CPU
		{2BFEACBF-B3D1-4CAB-AA96-DC34593F5EBE}.Debug|Any CPU.Build.0 = Debug|Any CPU
		{2BFEACBF-B3D1-4CAB-AA96-DC34593F5EBE}.Release|Any CPU.ActiveCfg = Release|Any CPU
		{2BFEACBF-B3D1-4CAB-AA96-DC34593F5EBE}.Release|Any CPU.Build.0 = Release|Any CPU
	EndGlobalSection
	GlobalSection(SolutionProperties) = preSolution
		HideSolutionNode = FALSE
	EndGlobalSection
	GlobalSection(ExtensibilityGlobals) = postSolution
		SolutionGuid = {5DC58BF2-33EB-4479-B240-C52B82A963ED}
	EndGlobalSection
EndGlobal
